{
  "nodes": {
    "nixpkgs": {
      "locked": {
        "lastModified": 0,
        "narHash": "sha256-1BTrqhLMamWf53sJobtMiUDI91PEw6xF8YEwg2VE8w4=",
        "path": "/nix/store/j3c427k0jy3k7h3a9mghrp6jwgdfva8v-source",
        "type": "path"
      },
      "original": {
        "id": "nixpkgs",
        "type": "indirect"
      }
    },
    "root": {
      "inputs": {
        "nixpkgs": "nixpkgs"
      }
    }
  },
  "root": "root",
  "version": 7
}
